
Microsoft Visual Studio Solution File, Format Version 12.00
# Visual Studio Version 17
VisualStudioVersion = 17.9.34701.34
MinimumVisualStudioVersion = 10.0.40219.1
Project("{FAE04EC0-301F-11D3-BF4B-00C04F79EFBC}") = "程式化語法動態建構元件", "程式化語法動態建構元件\程式化語法動態建構元件.csproj", "{6E334203-8059-441B-A145-C62CA007392A}"
EndProject
Global
	GlobalSection(SolutionConfigurationPlatforms) = preSolution
		Debug|Any CPU = Debug|Any CPU
		Release|Any CPU = Release|Any CPU
	EndGlobalSection
	GlobalSection(ProjectConfigurationPlatforms) = postSolution
		{6E334203-8059-441B-A145-C62CA007392A}.Debug|Any CPU.ActiveCfg = Debug|Any CPU
		{6E334203-8059-441B-A145-C62CA007392A}.Debug|Any CPU.Build.0 = Debug|Any CPU
		{6E334203-8059-441B-A145-C62CA007392A}.Release|Any CPU.ActiveCfg = Release|Any CPU
		{6E334203-8059-441B-A145-C62CA007392A}.Release|Any CPU.Build.0 = Release|Any CPU
	EndGlobalSection
	GlobalSection(SolutionProperties) = preSolution
		HideSolutionNode = FALSE
	EndGlobalSection
	GlobalSection(ExtensibilityGlobals) = postSolution
		SolutionGuid = {9B66DE82-2974-487B-9973-7F3743E38D4B}
	EndGlobalSection
EndGlobal
